# This file is autogenerated, do not edit; changes may be undone by the next 'dep ensure'.


[[projects]]
  name = "github.com/fsnotify/fsnotify"
  packages = ["."]
  revision = "c2828203cd70a50dcccfb2761f8b1f8ceef9a8e9"
  version = "v1.4.7"

[[projects]]
  branch = "master"
  name = "github.com/gregdel/pushover"
  packages = ["."]
  revision = "1e03358b8e7e921df70042289c6e9ae96f8d5484"

[[projects]]
  name = "github.com/pelletier/go-toml"
  packages = ["."]
  revision = "c01d1270ff3e442a8a57cddc1c92dc1138598194"
  version = "v1.2.0"

[[projects]]
  branch = "master"
  name = "github.com/tevjef/go-runtime-metrics"
  packages = [
    "collector",
    "expvar",
    "influxdb"
  ]
  revision = "527a540293077c77cf70479bbf9f8efb9f818cb2"

[[projects]]
  branch = "master"
  name = "golang.org/x/sys"
  packages = ["unix"]
  revision = "ecfd8b563e1320e7282dccf28ad48ec2c68aaebf"

[solve-meta]
  analyzer-name = "dep"
  analyzer-version = 1
  inputs-digest = "dcdddc6c91dae55f0dcd1e7d8262ce181d305cf81d1e6cb98806dcfeac098576"
  solver-name = "gps-cdcl"
  solver-version = 1
